
Microsoft Visual Studio Solution File, Format Version 12.00
# Visual Studio Version 16
VisualStudioVersion = 16.0.30309.148
MinimumVisualStudioVersion = 10.0.40219.1
Project("{FAE04EC0-301F-11D3-BF4B-00C04F79EFBC}") = "BijouWorld", "BijouWorld\BijouWorld.csproj", "{7B9F01A6-CB29-4E14-8DB3-8A5F8A9156D0}"
EndProject
Global
	GlobalSection(SolutionConfigurationPlatforms) = preSolution
		Debug|Any CPU = Debug|Any CPU
		Release|Any CPU = Release|Any CPU
	EndGlobalSection
	GlobalSection(ProjectConfigurationPlatforms) = postSolution
		{7B9F01A6-CB29-4E14-8DB3-8A5F8A9156D0}.Debug|Any CPU.ActiveCfg = Debug|Any CPU
		{7B9F01A6-CB29-4E14-8DB3-8A5F8A9156D0}.Debug|Any CPU.Build.0 = Debug|Any CPU
		{7B9F01A6-CB29-4E14-8DB3-8A5F8A9156D0}.Release|Any CPU.ActiveCfg = Release|Any CPU
		{7B9F01A6-CB29-4E14-8DB3-8A5F8A9156D0}.Release|Any CPU.Build.0 = Release|Any CPU
	EndGlobalSection
	GlobalSection(SolutionProperties) = preSolution
		HideSolutionNode = FALSE
	EndGlobalSection
	GlobalSection(ExtensibilityGlobals) = postSolution
		SolutionGuid = {7EBB88CF-9D79-40F1-A133-CD7E5A28EE1C}
	EndGlobalSection
EndGlobal
